{
  "version": 4,
  "terraform_version": "1.9.6",
  "serial": 41,
  "lineage": "33f81959-d623-5507-e3a7-484b57b9710d",
  "outputs": {
    "connection_string": {
      "value": "DefaultEndpointsProtocol=https;AccountName=datalakestorage281;AccountKey=MLfhBKf51lxLdJiqhsXfPjfB6Y1Fb34pE+lm2EFlvQGoH6pqq1v17Pj2rz+T3wIb/iQzTf5gpW3y+AStzFYfyg==;EndpointSuffix=core.windows.net",
      "type": "string",
      "sensitive": true
    },
    "sql_endpoint": {
      "value": "datalakesynapse28.sql.azuresynapse.net",
      "type": "string"
    }
  },
  "resources": [
    {
      "mode": "data",
      "type": "azurerm_client_config",
      "name": "current",
      "provider": "provider[\"registry.terraform.io/hashicorp/azurerm\"]",
      "instances": [
        {
          "schema_version": 0,
          "attributes": {
            "client_id": "04b07795-8ddb-461a-bbee-02f9e1bf7b46",
            "id": "Y2xpZW50Q29uZmlncy9jbGllbnRJZD0wNGIwNzc5NS04ZGRiLTQ2MWEtYmJlZS0wMmY5ZTFiZjdiNDY7b2JqZWN0SWQ9N2ExOGZhNWQtMzQxNC00ZmMyLTljZDAtYWFhNWMwZDViYmNiO3N1YnNjcmlwdGlvbklkPWQ5Yjk0NjNhLWM3ZDMtNGY3OC1iZWI0LTkwNTNhNDNmMmYwNTt0ZW5hbnRJZD0zMjQ4NzExNy1jZjNkLTQ2OGItYmVjNC04MmMyMjYxM2M0Zjg=",
            "object_id": "7a18fa5d-3414-4fc2-9cd0-aaa5c0d5bbcb",
            "subscription_id": "d9b9463a-c7d3-4f78-beb4-9053a43f2f05",
            "tenant_id": "32487117-cf3d-468b-bec4-82c22613c4f8",
            "timeouts": null
          },
          "sensitive_attributes": []
        }
      ]
    },
    {
      "mode": "managed",
      "type": "azurerm_key_vault",
      "name": "kv",
      "provider": "provider[\"registry.terraform.io/hashicorp/azurerm\"]",
      "instances": [
        {
          "schema_version": 2,
          "attributes": {
            "access_policy": [
              {
                "application_id": "",
                "certificate_permissions": [],
                "key_permissions": [],
                "object_id": "7a18fa5d-3414-4fc2-9cd0-aaa5c0d5bbcb",
                "secret_permissions": [
                  "Get",
                  "Set",
                  "List",
                  "Delete"
                ],
                "storage_permissions": [],
                "tenant_id": "32487117-cf3d-468b-bec4-82c22613c4f8"
              }
            ],
            "contact": [],
            "enable_rbac_authorization": false,
            "enabled_for_deployment": false,
            "enabled_for_disk_encryption": false,
            "enabled_for_template_deployment": false,
            "id": "/subscriptions/d9b9463a-c7d3-4f78-beb4-9053a43f2f05/resourceGroups/AzureDatalake-RG/providers/Microsoft.KeyVault/vaults/mydatalakekeyvault428",
            "location": "eastus",
            "name": "mydatalakekeyvault428",
            "network_acls": [
              {
                "bypass": "AzureServices",
                "default_action": "Allow",
                "ip_rules": [],
                "virtual_network_subnet_ids": []
              }
            ],
            "public_network_access_enabled": true,
            "purge_protection_enabled": true,
            "resource_group_name": "AzureDatalake-RG",
            "sku_name": "standard",
            "soft_delete_retention_days": 7,
            "tags": {},
            "tenant_id": "32487117-cf3d-468b-bec4-82c22613c4f8",
            "timeouts": null,
            "vault_uri": "https://mydatalakekeyvault428.vault.azure.net/"
          },
          "sensitive_attributes": [],
          "private": "eyJlMmJmYjczMC1lY2FhLTExZTYtOGY4OC0zNDM2M2JjN2M0YzAiOnsiY3JlYXRlIjoxODAwMDAwMDAwMDAwLCJkZWxldGUiOjE4MDAwMDAwMDAwMDAsInJlYWQiOjMwMDAwMDAwMDAwMCwidXBkYXRlIjoxODAwMDAwMDAwMDAwfSwic2NoZW1hX3ZlcnNpb24iOiIyIn0=",
          "dependencies": [
            "azurerm_resource_group.rg",
            "data.azurerm_client_config.current"
          ]
        }
      ]
    },
    {
      "mode": "managed",
      "type": "azurerm_key_vault_access_policy",
      "name": "terraform_sp",
      "provider": "provider[\"registry.terraform.io/hashicorp/azurerm\"]",
      "instances": [
        {
          "schema_version": 0,
          "attributes": {
            "application_id": "",
            "certificate_permissions": [],
            "id": "/subscriptions/d9b9463a-c7d3-4f78-beb4-9053a43f2f05/resourceGroups/AzureDatalake-RG/providers/Microsoft.KeyVault/vaults/mydatalakekeyvault428/objectId/7a18fa5d-3414-4fc2-9cd0-aaa5c0d5bbcb",
            "key_permissions": [],
            "key_vault_id": "/subscriptions/d9b9463a-c7d3-4f78-beb4-9053a43f2f05/resourceGroups/AzureDatalake-RG/providers/Microsoft.KeyVault/vaults/mydatalakekeyvault428",
            "object_id": "7a18fa5d-3414-4fc2-9cd0-aaa5c0d5bbcb",
            "secret_permissions": [
              "Get",
              "Set",
              "List",
              "Delete",
              "Recover"
            ],
            "storage_permissions": [],
            "tenant_id": "32487117-cf3d-468b-bec4-82c22613c4f8",
            "timeouts": null
          },
          "sensitive_attributes": [],
          "private": "eyJlMmJmYjczMC1lY2FhLTExZTYtOGY4OC0zNDM2M2JjN2M0YzAiOnsiY3JlYXRlIjoxODAwMDAwMDAwMDAwLCJkZWxldGUiOjE4MDAwMDAwMDAwMDAsInJlYWQiOjMwMDAwMDAwMDAwMCwidXBkYXRlIjoxODAwMDAwMDAwMDAwfX0=",
          "dependencies": [
            "azurerm_key_vault.kv",
            "azurerm_resource_group.rg",
            "data.azurerm_client_config.current"
          ]
        }
      ]
    },
    {
      "mode": "managed",
      "type": "azurerm_key_vault_secret",
      "name": "storage_conn",
      "provider": "provider[\"registry.terraform.io/hashicorp/azurerm\"]",
      "instances": [
        {
          "schema_version": 0,
          "attributes": {
            "content_type": "",
            "expiration_date": null,
            "id": "https://mydatalakekeyvault428.vault.azure.net/secrets/StorageConnectionString/0ae4787b0c934d24aec21e670503f1cb",
            "key_vault_id": "/subscriptions/d9b9463a-c7d3-4f78-beb4-9053a43f2f05/resourceGroups/AzureDatalake-RG/providers/Microsoft.KeyVault/vaults/mydatalakekeyvault428",
            "name": "StorageConnectionString",
            "not_before_date": null,
            "resource_id": "/subscriptions/d9b9463a-c7d3-4f78-beb4-9053a43f2f05/resourceGroups/AzureDatalake-RG/providers/Microsoft.KeyVault/vaults/mydatalakekeyvault428/secrets/StorageConnectionString/versions/0ae4787b0c934d24aec21e670503f1cb",
            "resource_versionless_id": "/subscriptions/d9b9463a-c7d3-4f78-beb4-9053a43f2f05/resourceGroups/AzureDatalake-RG/providers/Microsoft.KeyVault/vaults/mydatalakekeyvault428/secrets/StorageConnectionString",
            "tags": null,
            "timeouts": null,
            "value": "DefaultEndpointsProtocol=https;AccountName=datalakestorage281;AccountKey=MLfhBKf51lxLdJiqhsXfPjfB6Y1Fb34pE+lm2EFlvQGoH6pqq1v17Pj2rz+T3wIb/iQzTf5gpW3y+AStzFYfyg==;EndpointSuffix=core.windows.net",
            "value_wo": null,
            "value_wo_version": 0,
            "version": "0ae4787b0c934d24aec21e670503f1cb",
            "versionless_id": "https://mydatalakekeyvault428.vault.azure.net/secrets/StorageConnectionString"
          },
          "sensitive_attributes": [
            [
              {
                "type": "get_attr",
                "value": "value"
              }
            ]
          ],
          "private": "eyJlMmJmYjczMC1lY2FhLTExZTYtOGY4OC0zNDM2M2JjN2M0YzAiOnsiY3JlYXRlIjoxODAwMDAwMDAwMDAwLCJkZWxldGUiOjE4MDAwMDAwMDAwMDAsInJlYWQiOjE4MDAwMDAwMDAwMDAsInVwZGF0ZSI6MTgwMDAwMDAwMDAwMH19",
          "dependencies": [
            "azurerm_key_vault.kv",
            "azurerm_key_vault_access_policy.terraform_sp",
            "azurerm_resource_group.rg",
            "azurerm_storage_account.ST",
            "data.azurerm_client_config.current"
          ]
        }
      ]
    },
    {
      "mode": "managed",
      "type": "azurerm_resource_group",
      "name": "rg",
      "provider": "provider[\"registry.terraform.io/hashicorp/azurerm\"]",
      "instances": [
        {
          "schema_version": 0,
          "attributes": {
            "id": "/subscriptions/d9b9463a-c7d3-4f78-beb4-9053a43f2f05/resourceGroups/AzureDatalake-RG",
            "location": "eastus",
            "managed_by": "",
            "name": "AzureDatalake-RG",
            "tags": {},
            "timeouts": null
          },
          "sensitive_attributes": [],
          "private": "eyJlMmJmYjczMC1lY2FhLTExZTYtOGY4OC0zNDM2M2JjN2M0YzAiOnsiY3JlYXRlIjo1NDAwMDAwMDAwMDAwLCJkZWxldGUiOjU0MDAwMDAwMDAwMDAsInJlYWQiOjMwMDAwMDAwMDAwMCwidXBkYXRlIjo1NDAwMDAwMDAwMDAwfX0="
        }
      ]
    },
    {
      "mode": "managed",
      "type": "azurerm_role_assignment",
      "name": "kv_secrets_officer",
      "provider": "provider[\"registry.terraform.io/hashicorp/azurerm\"]",
      "instances": [
        {
          "schema_version": 0,
          "attributes": {
            "condition": "",
            "condition_version": "",
            "delegated_managed_identity_resource_id": "",
            "description": "",
            "id": "/subscriptions/d9b9463a-c7d3-4f78-beb4-9053a43f2f05/resourceGroups/AzureDatalake-RG/providers/Microsoft.KeyVault/vaults/mydatalakekeyvault428/providers/Microsoft.Authorization/roleAssignments/2f09fb14-994f-edb1-7ec3-88d619389f4f",
            "name": "2f09fb14-994f-edb1-7ec3-88d619389f4f",
            "principal_id": "7a18fa5d-3414-4fc2-9cd0-aaa5c0d5bbcb",
            "principal_type": "User",
            "role_definition_id": "/subscriptions/d9b9463a-c7d3-4f78-beb4-9053a43f2f05/providers/Microsoft.Authorization/roleDefinitions/b86a8fe4-44ce-4948-aee5-eccb2c155cd7",
            "role_definition_name": "Key Vault Secrets Officer",
            "scope": "/subscriptions/d9b9463a-c7d3-4f78-beb4-9053a43f2f05/resourceGroups/AzureDatalake-RG/providers/Microsoft.KeyVault/vaults/mydatalakekeyvault428",
            "skip_service_principal_aad_check": null,
            "timeouts": null
          },
          "sensitive_attributes": [],
          "private": "eyJlMmJmYjczMC1lY2FhLTExZTYtOGY4OC0zNDM2M2JjN2M0YzAiOnsiY3JlYXRlIjoxODAwMDAwMDAwMDAwLCJkZWxldGUiOjE4MDAwMDAwMDAwMDAsInJlYWQiOjMwMDAwMDAwMDAwMH19",
          "dependencies": [
            "azurerm_key_vault.kv",
            "azurerm_resource_group.rg",
            "data.azurerm_client_config.current"
          ]
        }
      ]
    },
    {
      "mode": "managed",
      "type": "azurerm_role_assignment",
      "name": "synapse_data_contrib",
      "provider": "provider[\"registry.terraform.io/hashicorp/azurerm\"]",
      "instances": [
        {
          "schema_version": 0,
          "attributes": {
            "condition": "",
            "condition_version": "",
            "delegated_managed_identity_resource_id": "",
            "description": "",
            "id": "/subscriptions/d9b9463a-c7d3-4f78-beb4-9053a43f2f05/resourceGroups/AzureDatalake-RG/providers/Microsoft.Storage/storageAccounts/datalakestorage281/providers/Microsoft.Authorization/roleAssignments/43e88e01-a58e-e139-dc6c-f4dc25f02ffe",
            "name": "43e88e01-a58e-e139-dc6c-f4dc25f02ffe",
            "principal_id": "72bed7c5-52d3-4072-8cc2-49a3f47d6825",
            "principal_type": "ServicePrincipal",
            "role_definition_id": "/subscriptions/d9b9463a-c7d3-4f78-beb4-9053a43f2f05/providers/Microsoft.Authorization/roleDefinitions/ba92f5b4-2d11-453d-a403-e96b0029c9fe",
            "role_definition_name": "Storage Blob Data Contributor",
            "scope": "/subscriptions/d9b9463a-c7d3-4f78-beb4-9053a43f2f05/resourceGroups/AzureDatalake-RG/providers/Microsoft.Storage/storageAccounts/datalakestorage281",
            "skip_service_principal_aad_check": null,
            "timeouts": null
          },
          "sensitive_attributes": [],
          "private": "eyJlMmJmYjczMC1lY2FhLTExZTYtOGY4OC0zNDM2M2JjN2M0YzAiOnsiY3JlYXRlIjoxODAwMDAwMDAwMDAwLCJkZWxldGUiOjE4MDAwMDAwMDAwMDAsInJlYWQiOjMwMDAwMDAwMDAwMH19",
          "dependencies": [
            "azurerm_resource_group.rg",
            "azurerm_storage_account.ST",
            "azurerm_storage_data_lake_gen2_filesystem.fs",
            "azurerm_synapse_workspace.syn"
          ]
        }
      ]
    },
    {
      "mode": "managed",
      "type": "azurerm_storage_account",
      "name": "ST",
      "provider": "provider[\"registry.terraform.io/hashicorp/azurerm\"]",
      "instances": [
        {
          "schema_version": 4,
          "attributes": {
            "access_tier": "Hot",
            "account_kind": "StorageV2",
            "account_replication_type": "LRS",
            "account_tier": "Standard",
            "allow_nested_items_to_be_public": true,
            "allowed_copy_scope": "",
            "azure_files_authentication": [],
            "blob_properties": [
              {
                "change_feed_enabled": false,
                "change_feed_retention_in_days": 0,
                "container_delete_retention_policy": [],
                "cors_rule": [],
                "default_service_version": "",
                "delete_retention_policy": [],
                "last_access_time_enabled": false,
                "restore_policy": [],
                "versioning_enabled": false
              }
            ],
            "cross_tenant_replication_enabled": false,
            "custom_domain": [],
            "customer_managed_key": [],
            "default_to_oauth_authentication": false,
            "dns_endpoint_type": "Standard",
            "edge_zone": "",
            "https_traffic_only_enabled": true,
            "id": "/subscriptions/d9b9463a-c7d3-4f78-beb4-9053a43f2f05/resourceGroups/AzureDatalake-RG/providers/Microsoft.Storage/storageAccounts/datalakestorage281",
            "identity": [],
            "immutability_policy": [],
            "infrastructure_encryption_enabled": false,
            "is_hns_enabled": true,
            "large_file_share_enabled": false,
            "local_user_enabled": true,
            "location": "eastus",
            "min_tls_version": "TLS1_2",
            "name": "datalakestorage281",
            "network_rules": [],
            "nfsv3_enabled": false,
            "primary_access_key": "MLfhBKf51lxLdJiqhsXfPjfB6Y1Fb34pE+lm2EFlvQGoH6pqq1v17Pj2rz+T3wIb/iQzTf5gpW3y+AStzFYfyg==",
            "primary_blob_connection_string": "DefaultEndpointsProtocol=https;BlobEndpoint=https://datalakestorage281.blob.core.windows.net/;AccountName=datalakestorage281;AccountKey=MLfhBKf51lxLdJiqhsXfPjfB6Y1Fb34pE+lm2EFlvQGoH6pqq1v17Pj2rz+T3wIb/iQzTf5gpW3y+AStzFYfyg==",
            "primary_blob_endpoint": "https://datalakestorage281.blob.core.windows.net/",
            "primary_blob_host": "datalakestorage281.blob.core.windows.net",
            "primary_blob_internet_endpoint": "",
            "primary_blob_internet_host": "",
            "primary_blob_microsoft_endpoint": "",
            "primary_blob_microsoft_host": "",
            "primary_connection_string": "DefaultEndpointsProtocol=https;AccountName=datalakestorage281;AccountKey=MLfhBKf51lxLdJiqhsXfPjfB6Y1Fb34pE+lm2EFlvQGoH6pqq1v17Pj2rz+T3wIb/iQzTf5gpW3y+AStzFYfyg==;EndpointSuffix=core.windows.net",
            "primary_dfs_endpoint": "https://datalakestorage281.dfs.core.windows.net/",
            "primary_dfs_host": "datalakestorage281.dfs.core.windows.net",
            "primary_dfs_internet_endpoint": "",
            "primary_dfs_internet_host": "",
            "primary_dfs_microsoft_endpoint": "",
            "primary_dfs_microsoft_host": "",
            "primary_file_endpoint": "https://datalakestorage281.file.core.windows.net/",
            "primary_file_host": "datalakestorage281.file.core.windows.net",
            "primary_file_internet_endpoint": "",
            "primary_file_internet_host": "",
            "primary_file_microsoft_endpoint": "",
            "primary_file_microsoft_host": "",
            "primary_location": "eastus",
            "primary_queue_endpoint": "https://datalakestorage281.queue.core.windows.net/",
            "primary_queue_host": "datalakestorage281.queue.core.windows.net",
            "primary_queue_microsoft_endpoint": "",
            "primary_queue_microsoft_host": "",
            "primary_table_endpoint": "https://datalakestorage281.table.core.windows.net/",
            "primary_table_host": "datalakestorage281.table.core.windows.net",
            "primary_table_microsoft_endpoint": "",
            "primary_table_microsoft_host": "",
            "primary_web_endpoint": "https://datalakestorage281.z13.web.core.windows.net/",
            "primary_web_host": "datalakestorage281.z13.web.core.windows.net",
            "primary_web_internet_endpoint": "",
            "primary_web_internet_host": "",
            "primary_web_microsoft_endpoint": "",
            "primary_web_microsoft_host": "",
            "public_network_access_enabled": true,
            "queue_encryption_key_type": "Service",
            "queue_properties": [
              {
                "cors_rule": [],
                "hour_metrics": [
                  {
                    "enabled": false,
                    "include_apis": false,
                    "retention_policy_days": 0,
                    "version": "1.0"
                  }
                ],
                "logging": [
                  {
                    "delete": false,
                    "read": false,
                    "retention_policy_days": 0,
                    "version": "1.0",
                    "write": false
                  }
                ],
                "minute_metrics": [
                  {
                    "enabled": false,
                    "include_apis": false,
                    "retention_policy_days": 0,
                    "version": "1.0"
                  }
                ]
              }
            ],
            "resource_group_name": "AzureDatalake-RG",
            "routing": [],
            "sas_policy": [],
            "secondary_access_key": "hoVyR/fkoD5YdoUIXMyJ7oXP2CNPoYTgP4Mz29iIXMOLxTKeKXVnlETdOQZ31iJ2XXaUpqtugzqv+AStYfaFUA==",
            "secondary_blob_connection_string": "",
            "secondary_blob_endpoint": "",
            "secondary_blob_host": "",
            "secondary_blob_internet_endpoint": "",
            "secondary_blob_internet_host": "",
            "secondary_blob_microsoft_endpoint": "",
            "secondary_blob_microsoft_host": "",
            "secondary_connection_string": "DefaultEndpointsProtocol=https;AccountName=datalakestorage281;AccountKey=hoVyR/fkoD5YdoUIXMyJ7oXP2CNPoYTgP4Mz29iIXMOLxTKeKXVnlETdOQZ31iJ2XXaUpqtugzqv+AStYfaFUA==;EndpointSuffix=core.windows.net",
            "secondary_dfs_endpoint": "",
            "secondary_dfs_host": "",
            "secondary_dfs_internet_endpoint": "",
            "secondary_dfs_internet_host": "",
            "secondary_dfs_microsoft_endpoint": "",
            "secondary_dfs_microsoft_host": "",
            "secondary_file_endpoint": "",
            "secondary_file_host": "",
            "secondary_file_internet_endpoint": "",
            "secondary_file_internet_host": "",
            "secondary_file_microsoft_endpoint": "",
            "secondary_file_microsoft_host": "",
            "secondary_location": "",
            "secondary_queue_endpoint": "",
            "secondary_queue_host": "",
            "secondary_queue_microsoft_endpoint": "",
            "secondary_queue_microsoft_host": "",
            "secondary_table_endpoint": "",
            "secondary_table_host": "",
            "secondary_table_microsoft_endpoint": "",
            "secondary_table_microsoft_host": "",
            "secondary_web_endpoint": "",
            "secondary_web_host": "",
            "secondary_web_internet_endpoint": "",
            "secondary_web_internet_host": "",
            "secondary_web_microsoft_endpoint": "",
            "secondary_web_microsoft_host": "",
            "sftp_enabled": false,
            "share_properties": [
              {
                "cors_rule": [],
                "retention_policy": [
                  {
                    "days": 7
                  }
                ],
                "smb": []
              }
            ],
            "shared_access_key_enabled": true,
            "static_website": [],
            "table_encryption_key_type": "Service",
            "tags": {},
            "timeouts": null
          },
          "sensitive_attributes": [
            [
              {
                "type": "get_attr",
                "value": "secondary_blob_connection_string"
              }
            ],
            [
              {
                "type": "get_attr",
                "value": "primary_access_key"
              }
            ],
            [
              {
                "type": "get_attr",
                "value": "secondary_connection_string"
              }
            ],
            [
              {
                "type": "get_attr",
                "value": "primary_blob_connection_string"
              }
            ],
            [
              {
                "type": "get_attr",
                "value": "primary_connection_string"
              }
            ],
            [
              {
                "type": "get_attr",
                "value": "secondary_access_key"
              }
            ]
          ],
          "private": "eyJlMmJmYjczMC1lY2FhLTExZTYtOGY4OC0zNDM2M2JjN2M0YzAiOnsiY3JlYXRlIjozNjAwMDAwMDAwMDAwLCJkZWxldGUiOjM2MDAwMDAwMDAwMDAsInJlYWQiOjMwMDAwMDAwMDAwMCwidXBkYXRlIjozNjAwMDAwMDAwMDAwfSwic2NoZW1hX3ZlcnNpb24iOiI0In0=",
          "dependencies": [
            "azurerm_resource_group.rg"
          ]
        }
      ]
    },
    {
      "mode": "managed",
      "type": "azurerm_storage_data_lake_gen2_filesystem",
      "name": "fs",
      "provider": "provider[\"registry.terraform.io/hashicorp/azurerm\"]",
      "instances": [
        {
          "schema_version": 0,
          "attributes": {
            "ace": [
              {
                "id": "",
                "permissions": "---",
                "scope": "access",
                "type": "other"
              },
              {
                "id": "",
                "permissions": "r-x",
                "scope": "access",
                "type": "group"
              },
              {
                "id": "",
                "permissions": "rwx",
                "scope": "access",
                "type": "user"
              }
            ],
            "default_encryption_scope": "$account-encryption-key",
            "group": "$superuser",
            "id": "https://datalakestorage281.dfs.core.windows.net/synapse",
            "name": "synapse",
            "owner": "$superuser",
            "properties": {},
            "storage_account_id": "/subscriptions/d9b9463a-c7d3-4f78-beb4-9053a43f2f05/resourceGroups/AzureDatalake-RG/providers/Microsoft.Storage/storageAccounts/datalakestorage281",
            "timeouts": null
          },
          "sensitive_attributes": [],
          "private": "eyJlMmJmYjczMC1lY2FhLTExZTYtOGY4OC0zNDM2M2JjN2M0YzAiOnsiY3JlYXRlIjoxODAwMDAwMDAwMDAwLCJkZWxldGUiOjE4MDAwMDAwMDAwMDAsInJlYWQiOjMwMDAwMDAwMDAwMCwidXBkYXRlIjoxODAwMDAwMDAwMDAwfX0=",
          "dependencies": [
            "azurerm_resource_group.rg",
            "azurerm_storage_account.ST"
          ]
        }
      ]
    },
    {
      "mode": "managed",
      "type": "azurerm_synapse_workspace",
      "name": "syn",
      "provider": "provider[\"registry.terraform.io/hashicorp/azurerm\"]",
      "instances": [
        {
          "schema_version": 0,
          "attributes": {
            "azure_devops_repo": [],
            "azuread_authentication_only": false,
            "compute_subnet_id": null,
            "connectivity_endpoints": {
              "dev": "https://datalakesynapse28.dev.azuresynapse.net",
              "sql": "datalakesynapse28.sql.azuresynapse.net",
              "sqlOnDemand": "datalakesynapse28-ondemand.sql.azuresynapse.net",
              "web": "https://web.azuresynapse.net?workspace=%2fsubscriptions%2fd9b9463a-c7d3-4f78-beb4-9053a43f2f05%2fresourceGroups%2fAzureDatalake-RG%2fproviders%2fMicrosoft.Synapse%2fworkspaces%2fdatalakesynapse28"
            },
            "customer_managed_key": [],
            "data_exfiltration_protection_enabled": null,
            "github_repo": [],
            "id": "/subscriptions/d9b9463a-c7d3-4f78-beb4-9053a43f2f05/resourceGroups/AzureDatalake-RG/providers/Microsoft.Synapse/workspaces/datalakesynapse28",
            "identity": [
              {
                "identity_ids": [],
                "principal_id": "72bed7c5-52d3-4072-8cc2-49a3f47d6825",
                "tenant_id": "32487117-cf3d-468b-bec4-82c22613c4f8",
                "type": "SystemAssigned"
              }
            ],
            "linking_allowed_for_aad_tenant_ids": null,
            "location": "eastus",
            "managed_resource_group_name": "synapseworkspace-managedrg-9ad155d8-2862-4875-88d2-2640a3ee0bbe",
            "managed_virtual_network_enabled": false,
            "name": "datalakesynapse28",
            "public_network_access_enabled": true,
            "purview_id": null,
            "resource_group_name": "AzureDatalake-RG",
            "sql_administrator_login": "sqladmin",
            "sql_administrator_login_password": "Str0ngPass!123",
            "sql_identity_control_enabled": false,
            "storage_data_lake_gen2_filesystem_id": "https://datalakestorage281.dfs.core.windows.net/synapse",
            "tags": {},
            "timeouts": null
          },
          "sensitive_attributes": [
            [
              {
                "type": "get_attr",
                "value": "sql_administrator_login_password"
              }
            ]
          ],
          "private": "eyJlMmJmYjczMC1lY2FhLTExZTYtOGY4OC0zNDM2M2JjN2M0YzAiOnsiY3JlYXRlIjoxODAwMDAwMDAwMDAwLCJkZWxldGUiOjE4MDAwMDAwMDAwMDAsInJlYWQiOjMwMDAwMDAwMDAwMCwidXBkYXRlIjoxODAwMDAwMDAwMDAwfX0=",
          "dependencies": [
            "azurerm_resource_group.rg",
            "azurerm_storage_account.ST",
            "azurerm_storage_data_lake_gen2_filesystem.fs"
          ]
        }
      ]
    }
  ],
  "check_results": null
}
